
Microsoft Visual Studio Solution File, Format Version 12.00
# Visual Studio Version 17
VisualStudioVersion = 17.11.35222.181
MinimumVisualStudioVersion = 10.0.40219.1
Project("{FAE04EC0-301F-11D3-BF4B-00C04F79EFBC}") = "LoadDWBigData.WorkerServices", "LoadDW.WorkerServices\LoadDWBigData.WorkerServices.csproj", "{33AC6FED-3D6D-4B11-BE01-97E12469CE57}"
EndProject
Project("{FAE04EC0-301F-11D3-BF4B-00C04F79EFBC}") = "LoadDWBigData.Data", "LoadDWBigData.Data\LoadDWBigData.Data.csproj", "{A6B484D9-A285-4513-BD9B-93377962B292}"
EndProject
Project("{FAE04EC0-301F-11D3-BF4B-00C04F79EFBC}") = "LoadDWBigData.Model", "LoadDWBigData.Model\LoadDWBigData.Model.csproj", "{87708497-7045-49C9-A611-182F080D0ECF}"
EndProject
Global
	GlobalSection(SolutionConfigurationPlatforms) = preSolution
		Debug|Any CPU = Debug|Any CPU
		Release|Any CPU = Release|Any CPU
	EndGlobalSection
	GlobalSection(ProjectConfigurationPlatforms) = postSolution
		{33AC6FED-3D6D-4B11-BE01-97E12469CE57}.Debug|Any CPU.ActiveCfg = Debug|Any CPU
		{33AC6FED-3D6D-4B11-BE01-97E12469CE57}.Debug|Any CPU.Build.0 = Debug|Any CPU
		{33AC6FED-3D6D-4B11-BE01-97E12469CE57}.Release|Any CPU.ActiveCfg = Release|Any CPU
		{33AC6FED-3D6D-4B11-BE01-97E12469CE57}.Release|Any CPU.Build.0 = Release|Any CPU
		{A6B484D9-A285-4513-BD9B-93377962B292}.Debug|Any CPU.ActiveCfg = Debug|Any CPU
		{A6B484D9-A285-4513-BD9B-93377962B292}.Debug|Any CPU.Build.0 = Debug|Any CPU
		{A6B484D9-A285-4513-BD9B-93377962B292}.Release|Any CPU.ActiveCfg = Release|Any CPU
		{A6B484D9-A285-4513-BD9B-93377962B292}.Release|Any CPU.Build.0 = Release|Any CPU
		{87708497-7045-49C9-A611-182F080D0ECF}.Debug|Any CPU.ActiveCfg = Debug|Any CPU
		{87708497-7045-49C9-A611-182F080D0ECF}.Debug|Any CPU.Build.0 = Debug|Any CPU
		{87708497-7045-49C9-A611-182F080D0ECF}.Release|Any CPU.ActiveCfg = Release|Any CPU
		{87708497-7045-49C9-A611-182F080D0ECF}.Release|Any CPU.Build.0 = Release|Any CPU
	EndGlobalSection
	GlobalSection(SolutionProperties) = preSolution
		HideSolutionNode = FALSE
	EndGlobalSection
	GlobalSection(ExtensibilityGlobals) = postSolution
		SolutionGuid = {4101E9DE-26A5-4B7F-A2DC-F961E9F952CE}
	EndGlobalSection
EndGlobal
